
Microsoft Visual Studio Solution File, Format Version 12.00
# Visual Studio 15
VisualStudioVersion = 15.0.27703.2026
MinimumVisualStudioVersion = 10.0.40219.1
Project("{FAE04EC0-301F-11D3-BF4B-00C04F79EFBC}") = "LittleThings", "LittleThings\LittleThings.csproj", "{8D202E04-D522-4A7E-A21F-4D8FD6F51C6B}"
EndProject
Global
	GlobalSection(SolutionConfigurationPlatforms) = preSolution
		Debug|Any CPU = Debug|Any CPU
		Release|Any CPU = Release|Any CPU
	EndGlobalSection
	GlobalSection(ProjectConfigurationPlatforms) = postSolution
		{8D202E04-D522-4A7E-A21F-4D8FD6F51C6B}.Debug|Any CPU.ActiveCfg = Debug|Any CPU
		{8D202E04-D522-4A7E-A21F-4D8FD6F51C6B}.Debug|Any CPU.Build.0 = Debug|Any CPU
		{8D202E04-D522-4A7E-A21F-4D8FD6F51C6B}.Release|Any CPU.ActiveCfg = Release|Any CPU
		{8D202E04-D522-4A7E-A21F-4D8FD6F51C6B}.Release|Any CPU.Build.0 = Release|Any CPU
	EndGlobalSection
	GlobalSection(SolutionProperties) = preSolution
		HideSolutionNode = FALSE
	EndGlobalSection
	GlobalSection(ExtensibilityGlobals) = postSolution
		SolutionGuid = {43BD21E1-A839-423E-82AB-6970364007AF}
	EndGlobalSection
EndGlobal
